
Microsoft Visual Studio Solution File, Format Version 12.00
# Visual Studio Version 16
VisualStudioVersion = 16.0.32002.261
MinimumVisualStudioVersion = 10.0.40219.1
Project("{9A19103F-16F7-4668-BE54-9A1E7A4F7556}") = "Cars-API-CRUD-Assignment", "Cars-API-CRUD-Assignment\Cars-API-CRUD-Assignment.csproj", "{3F7913E2-D6CE-408E-A5E4-D86866ED9827}"
EndProject
Project("{9A19103F-16F7-4668-BE54-9A1E7A4F7556}") = "ZensarProducts-Core-API", "ZensarProducts-Core-API\ZensarProducts-Core-API.csproj", "{19C540EF-D845-4AA3-962E-451F76AAF3B5}"
EndProject
Project("{FAE04EC0-301F-11D3-BF4B-00C04F79EFBC}") = "VehicleManagement", "VehicleManagement\VehicleManagement.csproj", "{78BE8CB4-1767-4D2C-90BF-DC2CB4ED6238}"
EndProject
Global
	GlobalSection(SolutionConfigurationPlatforms) = preSolution
		Debug|Any CPU = Debug|Any CPU
		Release|Any CPU = Release|Any CPU
	EndGlobalSection
	GlobalSection(ProjectConfigurationPlatforms) = postSolution
		{3F7913E2-D6CE-408E-A5E4-D86866ED9827}.Debug|Any CPU.ActiveCfg = Debug|Any CPU
		{3F7913E2-D6CE-408E-A5E4-D86866ED9827}.Debug|Any CPU.Build.0 = Debug|Any CPU
		{3F7913E2-D6CE-408E-A5E4-D86866ED9827}.Release|Any CPU.ActiveCfg = Release|Any CPU
		{3F7913E2-D6CE-408E-A5E4-D86866ED9827}.Release|Any CPU.Build.0 = Release|Any CPU
		{19C540EF-D845-4AA3-962E-451F76AAF3B5}.Debug|Any CPU.ActiveCfg = Debug|Any CPU
		{19C540EF-D845-4AA3-962E-451F76AAF3B5}.Debug|Any CPU.Build.0 = Debug|Any CPU
		{19C540EF-D845-4AA3-962E-451F76AAF3B5}.Release|Any CPU.ActiveCfg = Release|Any CPU
		{19C540EF-D845-4AA3-962E-451F76AAF3B5}.Release|Any CPU.Build.0 = Release|Any CPU
		{78BE8CB4-1767-4D2C-90BF-DC2CB4ED6238}.Debug|Any CPU.ActiveCfg = Debug|Any CPU
		{78BE8CB4-1767-4D2C-90BF-DC2CB4ED6238}.Debug|Any CPU.Build.0 = Debug|Any CPU
		{78BE8CB4-1767-4D2C-90BF-DC2CB4ED6238}.Release|Any CPU.ActiveCfg = Release|Any CPU
		{78BE8CB4-1767-4D2C-90BF-DC2CB4ED6238}.Release|Any CPU.Build.0 = Release|Any CPU
	EndGlobalSection
	GlobalSection(SolutionProperties) = preSolution
		HideSolutionNode = FALSE
	EndGlobalSection
	GlobalSection(ExtensibilityGlobals) = postSolution
		SolutionGuid = {D85687CF-DAC6-4AB1-9BB9-BDFB01B5E6DA}
	EndGlobalSection
EndGlobal
